
Microsoft Visual Studio Solution File, Format Version 12.00
# Visual Studio Version 17
VisualStudioVersion = 17.10.34928.147
MinimumVisualStudioVersion = 10.0.40219.1
Project("{FAE04EC0-301F-11D3-BF4B-00C04F79EFBC}") = "Pilas,Colas,Listas Enlazadas", "Pilas,Colas,Listas Enlazadas.csproj", "{60307D71-7DA7-4545-91A2-81BC5233478E}"
EndProject
Global
	GlobalSection(SolutionConfigurationPlatforms) = preSolution
		Debug|Any CPU = Debug|Any CPU
		Release|Any CPU = Release|Any CPU
	EndGlobalSection
	GlobalSection(ProjectConfigurationPlatforms) = postSolution
		{60307D71-7DA7-4545-91A2-81BC5233478E}.Debug|Any CPU.ActiveCfg = Debug|Any CPU
		{60307D71-7DA7-4545-91A2-81BC5233478E}.Debug|Any CPU.Build.0 = Debug|Any CPU
		{60307D71-7DA7-4545-91A2-81BC5233478E}.Release|Any CPU.ActiveCfg = Release|Any CPU
		{60307D71-7DA7-4545-91A2-81BC5233478E}.Release|Any CPU.Build.0 = Release|Any CPU
	EndGlobalSection
	GlobalSection(SolutionProperties) = preSolution
		HideSolutionNode = FALSE
	EndGlobalSection
	GlobalSection(ExtensibilityGlobals) = postSolution
		SolutionGuid = {21777B9D-2DDE-49F0-8EDA-2D54D9A67675}
	EndGlobalSection
EndGlobal
